
Microsoft Visual Studio Solution File, Format Version 9.00
# Visual Studio 2005
Project("{FAE04EC0-301F-11D3-BF4B-00C04F79EFBC}") = "Palaso", "Palaso\Palaso.csproj", "{3527DA1D-1E25-48BE-A71E-9EBF7F9208D4}"
EndProject
Project("{FAE04EC0-301F-11D3-BF4B-00C04F79EFBC}") = "Palaso.Tests", "Palaso.Tests\Palaso.Tests.csproj", "{5DE33CD7-60CB-4B9F-A123-A83C1C686E47}"
EndProject
Global
	GlobalSection(SolutionConfigurationPlatforms) = preSolution
		Debug|Any CPU = Debug|Any CPU
		Release|Any CPU = Release|Any CPU
	EndGlobalSection
	GlobalSection(ProjectConfigurationPlatforms) = postSolution
		{3527DA1D-1E25-48BE-A71E-9EBF7F9208D4}.Debug|Any CPU.ActiveCfg = Debug|Any CPU
		{3527DA1D-1E25-48BE-A71E-9EBF7F9208D4}.Debug|Any CPU.Build.0 = Debug|Any CPU
		{3527DA1D-1E25-48BE-A71E-9EBF7F9208D4}.Release|Any CPU.ActiveCfg = Release|Any CPU
		{3527DA1D-1E25-48BE-A71E-9EBF7F9208D4}.Release|Any CPU.Build.0 = Release|Any CPU
		{5DE33CD7-60CB-4B9F-A123-A83C1C686E47}.Debug|Any CPU.ActiveCfg = Debug|Any CPU
		{5DE33CD7-60CB-4B9F-A123-A83C1C686E47}.Debug|Any CPU.Build.0 = Debug|Any CPU
		{5DE33CD7-60CB-4B9F-A123-A83C1C686E47}.Release|Any CPU.ActiveCfg = Release|Any CPU
		{5DE33CD7-60CB-4B9F-A123-A83C1C686E47}.Release|Any CPU.Build.0 = Release|Any CPU
	EndGlobalSection
	GlobalSection(SolutionProperties) = preSolution
		HideSolutionNode = FALSE
	EndGlobalSection
EndGlobal
