
Microsoft Visual Studio Solution File, Format Version 9.00
# Visual Studio 2005
Project("{FAE04EC0-301F-11D3-BF4B-00C04F79EFBC}") = "Palaso", "Palaso\Palaso.csproj", "{3527DA1D-1E25-48BE-A71E-9EBF7F9208D4}"
	ProjectSection(WebsiteProperties) = preProject
		Debug.AspNetCompiler.Debug = "True"
		Release.AspNetCompiler.Debug = "False"
	EndProjectSection
EndProject
Project("{FAE04EC0-301F-11D3-BF4B-00C04F79EFBC}") = "Palaso.Tests", "Palaso.Tests\Palaso.Tests.csproj", "{5DE33CD7-60CB-4B9F-A123-A83C1C686E47}"
	ProjectSection(WebsiteProperties) = preProject
		Debug.AspNetCompiler.Debug = "True"
		Release.AspNetCompiler.Debug = "False"
	EndProjectSection
EndProject
Project("{FAE04EC0-301F-11D3-BF4B-00C04F79EFBC}") = "PalasoUIWindowsForms", "PalasoUIWindowsForms\PalasoUIWindowsForms.csproj", "{DB44F49C-D8C6-434F-81ED-28EA5C9E8195}"
	ProjectSection(WebsiteProperties) = preProject
		Debug.AspNetCompiler.Debug = "True"
		Release.AspNetCompiler.Debug = "False"
	EndProjectSection
EndProject
Project("{FAE04EC0-301F-11D3-BF4B-00C04F79EFBC}") = "Reporting", "Reporting\Reporting.csproj", "{9CCBECEC-513C-4DA4-A4CE-F5361B633760}"
	ProjectSection(WebsiteProperties) = preProject
		Debug.AspNetCompiler.Debug = "True"
		Release.AspNetCompiler.Debug = "False"
	EndProjectSection
EndProject
Project("{FAE04EC0-301F-11D3-BF4B-00C04F79EFBC}") = "AddSortKey", "AddSortKey\AddSortKey.csproj", "{3D4F73A8-DB05-4580-98A0-DEE34C010636}"
	ProjectSection(WebsiteProperties) = preProject
		Debug.AspNetCompiler.Debug = "True"
		Release.AspNetCompiler.Debug = "False"
	EndProjectSection
EndProject
Project("{FAE04EC0-301F-11D3-BF4B-00C04F79EFBC}") = "TestApp", "TestApp\TestApp.csproj", "{13B5E313-1B26-4DAE-9E96-133768B62FD2}"
	ProjectSection(WebsiteProperties) = preProject
		Debug.AspNetCompiler.Debug = "True"
		Release.AspNetCompiler.Debug = "False"
	EndProjectSection
EndProject
Project("{FAE04EC0-301F-11D3-BF4B-00C04F79EFBC}") = "Palaso.DictionaryService.Client", "Palaso.DictionaryService.Client\Palaso.DictionaryService.Client.csproj", "{55B824F8-63ED-43BC-8FA0-9C92695A2D3F}"
	ProjectSection(WebsiteProperties) = preProject
		Debug.AspNetCompiler.Debug = "True"
		Release.AspNetCompiler.Debug = "False"
	EndProjectSection
EndProject
Project("{FAE04EC0-301F-11D3-BF4B-00C04F79EFBC}") = "Palaso.DictionaryService.Client.Tests", "Palaso.DictionaryService.Client.Tests\Palaso.DictionaryService.Client.Tests.csproj", "{4CEA3549-7920-4EF0-BCB2-1C643CDC33DD}"
	ProjectSection(WebsiteProperties) = preProject
		Debug.AspNetCompiler.Debug = "True"
		Release.AspNetCompiler.Debug = "False"
	EndProjectSection
EndProject
Project("{FAE04EC0-301F-11D3-BF4B-00C04F79EFBC}") = "SampleDictionaryServicesApplication", "SampleDictionaryServicesApplication\SampleDictionaryServicesApplication.csproj", "{E3BBB475-B830-4850-AFD7-BDC557E1042F}"
	ProjectSection(WebsiteProperties) = preProject
		Debug.AspNetCompiler.Debug = "True"
		Release.AspNetCompiler.Debug = "False"
	EndProjectSection
EndProject
Project("{FAE04EC0-301F-11D3-BF4B-00C04F79EFBC}") = "SampleDictionaryClientApp", "SampleDictionaryClientApp\SampleDictionaryClientApp.csproj", "{06FD1066-C3C6-4132-A820-5CC501375B91}"
	ProjectSection(WebsiteProperties) = preProject
		Debug.AspNetCompiler.Debug = "True"
		Release.AspNetCompiler.Debug = "False"
	EndProjectSection
EndProject
Project("{FAE04EC0-301F-11D3-BF4B-00C04F79EFBC}") = "PalasoUIWindowsForms.Tests", "PalasoUIWindowsForms.Tests\PalasoUIWindowsForms.Tests.csproj", "{6E16866F-FF8D-4136-AD67-36AFE3626432}"
	ProjectSection(WebsiteProperties) = preProject
		Debug.AspNetCompiler.Debug = "True"
		Release.AspNetCompiler.Debug = "False"
	EndProjectSection
EndProject
Global
	GlobalSection(SolutionConfigurationPlatforms) = preSolution
		Debug|Any CPU = Debug|Any CPU
		Release|Any CPU = Release|Any CPU
	EndGlobalSection
	GlobalSection(ProjectConfigurationPlatforms) = postSolution
		{3527DA1D-1E25-48BE-A71E-9EBF7F9208D4}.Debug|Any CPU.ActiveCfg = Debug|Any CPU
		{3527DA1D-1E25-48BE-A71E-9EBF7F9208D4}.Debug|Any CPU.Build.0 = Debug|Any CPU
		{3527DA1D-1E25-48BE-A71E-9EBF7F9208D4}.Release|Any CPU.ActiveCfg = Release|Any CPU
		{3527DA1D-1E25-48BE-A71E-9EBF7F9208D4}.Release|Any CPU.Build.0 = Release|Any CPU
		{5DE33CD7-60CB-4B9F-A123-A83C1C686E47}.Debug|Any CPU.ActiveCfg = Debug|Any CPU
		{5DE33CD7-60CB-4B9F-A123-A83C1C686E47}.Debug|Any CPU.Build.0 = Debug|Any CPU
		{5DE33CD7-60CB-4B9F-A123-A83C1C686E47}.Release|Any CPU.ActiveCfg = Release|Any CPU
		{5DE33CD7-60CB-4B9F-A123-A83C1C686E47}.Release|Any CPU.Build.0 = Release|Any CPU
		{DB44F49C-D8C6-434F-81ED-28EA5C9E8195}.Debug|Any CPU.ActiveCfg = Debug|Any CPU
		{DB44F49C-D8C6-434F-81ED-28EA5C9E8195}.Debug|Any CPU.Build.0 = Debug|Any CPU
		{DB44F49C-D8C6-434F-81ED-28EA5C9E8195}.Release|Any CPU.ActiveCfg = Release|Any CPU
		{DB44F49C-D8C6-434F-81ED-28EA5C9E8195}.Release|Any CPU.Build.0 = Release|Any CPU
		{9CCBECEC-513C-4DA4-A4CE-F5361B633760}.Debug|Any CPU.ActiveCfg = Debug|Any CPU
		{9CCBECEC-513C-4DA4-A4CE-F5361B633760}.Debug|Any CPU.Build.0 = Debug|Any CPU
		{9CCBECEC-513C-4DA4-A4CE-F5361B633760}.Release|Any CPU.ActiveCfg = Release|Any CPU
		{9CCBECEC-513C-4DA4-A4CE-F5361B633760}.Release|Any CPU.Build.0 = Release|Any CPU
		{3D4F73A8-DB05-4580-98A0-DEE34C010636}.Debug|Any CPU.ActiveCfg = Debug|Any CPU
		{3D4F73A8-DB05-4580-98A0-DEE34C010636}.Debug|Any CPU.Build.0 = Debug|Any CPU
		{3D4F73A8-DB05-4580-98A0-DEE34C010636}.Release|Any CPU.ActiveCfg = Release|Any CPU
		{3D4F73A8-DB05-4580-98A0-DEE34C010636}.Release|Any CPU.Build.0 = Release|Any CPU
		{13B5E313-1B26-4DAE-9E96-133768B62FD2}.Debug|Any CPU.ActiveCfg = Debug|Any CPU
		{13B5E313-1B26-4DAE-9E96-133768B62FD2}.Debug|Any CPU.Build.0 = Debug|Any CPU
		{13B5E313-1B26-4DAE-9E96-133768B62FD2}.Release|Any CPU.ActiveCfg = Release|Any CPU
		{13B5E313-1B26-4DAE-9E96-133768B62FD2}.Release|Any CPU.Build.0 = Release|Any CPU
		{55B824F8-63ED-43BC-8FA0-9C92695A2D3F}.Debug|Any CPU.ActiveCfg = Debug|Any CPU
		{55B824F8-63ED-43BC-8FA0-9C92695A2D3F}.Debug|Any CPU.Build.0 = Debug|Any CPU
		{55B824F8-63ED-43BC-8FA0-9C92695A2D3F}.Release|Any CPU.ActiveCfg = Release|Any CPU
		{55B824F8-63ED-43BC-8FA0-9C92695A2D3F}.Release|Any CPU.Build.0 = Release|Any CPU
		{4CEA3549-7920-4EF0-BCB2-1C643CDC33DD}.Debug|Any CPU.ActiveCfg = Debug|Any CPU
		{4CEA3549-7920-4EF0-BCB2-1C643CDC33DD}.Debug|Any CPU.Build.0 = Debug|Any CPU
		{4CEA3549-7920-4EF0-BCB2-1C643CDC33DD}.Release|Any CPU.ActiveCfg = Release|Any CPU
		{4CEA3549-7920-4EF0-BCB2-1C643CDC33DD}.Release|Any CPU.Build.0 = Release|Any CPU
		{E3BBB475-B830-4850-AFD7-BDC557E1042F}.Debug|Any CPU.ActiveCfg = Debug|Any CPU
		{E3BBB475-B830-4850-AFD7-BDC557E1042F}.Debug|Any CPU.Build.0 = Debug|Any CPU
		{E3BBB475-B830-4850-AFD7-BDC557E1042F}.Release|Any CPU.ActiveCfg = Release|Any CPU
		{E3BBB475-B830-4850-AFD7-BDC557E1042F}.Release|Any CPU.Build.0 = Release|Any CPU
		{06FD1066-C3C6-4132-A820-5CC501375B91}.Debug|Any CPU.ActiveCfg = Debug|Any CPU
		{06FD1066-C3C6-4132-A820-5CC501375B91}.Debug|Any CPU.Build.0 = Debug|Any CPU
		{06FD1066-C3C6-4132-A820-5CC501375B91}.Release|Any CPU.ActiveCfg = Release|Any CPU
		{06FD1066-C3C6-4132-A820-5CC501375B91}.Release|Any CPU.Build.0 = Release|Any CPU
		{6E16866F-FF8D-4136-AD67-36AFE3626432}.Debug|Any CPU.ActiveCfg = Debug|Any CPU
		{6E16866F-FF8D-4136-AD67-36AFE3626432}.Debug|Any CPU.Build.0 = Debug|Any CPU
		{6E16866F-FF8D-4136-AD67-36AFE3626432}.Release|Any CPU.ActiveCfg = Release|Any CPU
		{6E16866F-FF8D-4136-AD67-36AFE3626432}.Release|Any CPU.Build.0 = Release|Any CPU
	EndGlobalSection
	GlobalSection(SolutionProperties) = preSolution
		HideSolutionNode = FALSE
	EndGlobalSection
EndGlobal
