
Microsoft Visual Studio Solution File, Format Version 9.00
# Visual Studio 2005
Project("{FAE04EC0-301F-11D3-BF4B-00C04F79EFBC}") = "Palaso", "Palaso\Palaso.csproj", "{3527DA1D-1E25-48BE-A71E-9EBF7F9208D4}"
	ProjectSection(WebsiteProperties) = preProject
		Debug.AspNetCompiler.Debug = "True"
		Release.AspNetCompiler.Debug = "False"
	EndProjectSection
EndProject
Project("{FAE04EC0-301F-11D3-BF4B-00C04F79EFBC}") = "Palaso.Tests", "Palaso.Tests\Palaso.Tests.csproj", "{5DE33CD7-60CB-4B9F-A123-A83C1C686E47}"
	ProjectSection(WebsiteProperties) = preProject
		Debug.AspNetCompiler.Debug = "True"
		Release.AspNetCompiler.Debug = "False"
	EndProjectSection
EndProject
Project("{FAE04EC0-301F-11D3-BF4B-00C04F79EFBC}") = "PalasoUIWindowsForms", "PalasoUIWindowsForms\PalasoUIWindowsForms.csproj", "{DB44F49C-D8C6-434F-81ED-28EA5C9E8195}"
	ProjectSection(WebsiteProperties) = preProject
		Debug.AspNetCompiler.Debug = "True"
		Release.AspNetCompiler.Debug = "False"
	EndProjectSection
EndProject
Project("{FAE04EC0-301F-11D3-BF4B-00C04F79EFBC}") = "Reporting", "Reporting\Reporting.csproj", "{9CCBECEC-513C-4DA4-A4CE-F5361B633760}"
	ProjectSection(WebsiteProperties) = preProject
		Debug.AspNetCompiler.Debug = "True"
		Release.AspNetCompiler.Debug = "False"
	EndProjectSection
EndProject
Project("{FAE04EC0-301F-11D3-BF4B-00C04F79EFBC}") = "AddSortKey", "AddSortKey\AddSortKey.csproj", "{3D4F73A8-DB05-4580-98A0-DEE34C010636}"
	ProjectSection(WebsiteProperties) = preProject
		Debug.AspNetCompiler.Debug = "True"
		Release.AspNetCompiler.Debug = "False"
	EndProjectSection
EndProject
Project("{FAE04EC0-301F-11D3-BF4B-00C04F79EFBC}") = "Reporting.TestApp", "TestApp\Reporting.TestApp.csproj", "{13B5E313-1B26-4DAE-9E96-133768B62FD2}"
	ProjectSection(WebsiteProperties) = preProject
		Debug.AspNetCompiler.Debug = "True"
		Release.AspNetCompiler.Debug = "False"
	EndProjectSection
EndProject
Project("{FAE04EC0-301F-11D3-BF4B-00C04F79EFBC}") = "PalasoUIWindowsForms.Tests", "PalasoUIWindowsForms.Tests\PalasoUIWindowsForms.Tests.csproj", "{6E16866F-FF8D-4136-AD67-36AFE3626432}"
	ProjectSection(WebsiteProperties) = preProject
		Debug.AspNetCompiler.Debug = "True"
		Release.AspNetCompiler.Debug = "False"
	EndProjectSection
EndProject
Project("{FAE04EC0-301F-11D3-BF4B-00C04F79EFBC}") = "Palaso.Services", "Palaso.Services\Palaso.Services.csproj", "{55B824F8-63ED-43BC-8FA0-9C92695A2D3F}"
	ProjectSection(WebsiteProperties) = preProject
		Debug.AspNetCompiler.Debug = "True"
		Release.AspNetCompiler.Debug = "False"
	EndProjectSection
EndProject
Project("{FAE04EC0-301F-11D3-BF4B-00C04F79EFBC}") = "Palaso.Services.Tests", "Palaso.Services.Tests\Palaso.Services.Tests.csproj", "{4CEA3549-7920-4EF0-BCB2-1C643CDC33DD}"
	ProjectSection(WebsiteProperties) = preProject
		Debug.AspNetCompiler.Debug = "True"
		Release.AspNetCompiler.Debug = "False"
	EndProjectSection
EndProject
Project("{FAE04EC0-301F-11D3-BF4B-00C04F79EFBC}") = "Palaso.Services.Dictionary.SampleClient", "Palaso.Services.Dictionary.SampleClient\Palaso.Services.Dictionary.SampleClient.csproj", "{06FD1066-C3C6-4132-A820-5CC501375B91}"
	ProjectSection(WebsiteProperties) = preProject
		Debug.AspNetCompiler.Debug = "True"
		Release.AspNetCompiler.Debug = "False"
	EndProjectSection
EndProject
Project("{FAE04EC0-301F-11D3-BF4B-00C04F79EFBC}") = "Palaso.BuildTasks", "Palaso.MSBuildTasks\Palaso.BuildTasks.csproj", "{1B4E2E6B-4424-4560-97E0-B0BD34BF85D8}"
	ProjectSection(WebsiteProperties) = preProject
		Debug.AspNetCompiler.Debug = "True"
		Release.AspNetCompiler.Debug = "False"
	EndProjectSection
EndProject
Project("{FAE04EC0-301F-11D3-BF4B-00C04F79EFBC}") = "Palaso.Services.Tests.Server", "Palaso.Services.Tests.Server\Palaso.Services.Tests.Server.csproj", "{F85EBEB5-8A47-470B-8A00-CB801CD80232}"
	ProjectSection(WebsiteProperties) = preProject
		Debug.AspNetCompiler.Debug = "True"
		Release.AspNetCompiler.Debug = "False"
	EndProjectSection
EndProject
Global
	GlobalSection(SolutionConfigurationPlatforms) = preSolution
		Debug|Any CPU = Debug|Any CPU
		Mono Debug|Any CPU = Mono Debug|Any CPU
		Mono Release|Any CPU = Mono Release|Any CPU
		Release|Any CPU = Release|Any CPU
	EndGlobalSection
	GlobalSection(ProjectConfigurationPlatforms) = postSolution
		{3527DA1D-1E25-48BE-A71E-9EBF7F9208D4}.Debug|Any CPU.ActiveCfg = Debug|Any CPU
		{3527DA1D-1E25-48BE-A71E-9EBF7F9208D4}.Debug|Any CPU.Build.0 = Debug|Any CPU
		{3527DA1D-1E25-48BE-A71E-9EBF7F9208D4}.Mono Debug|Any CPU.ActiveCfg = Mono Debug|Any CPU
		{3527DA1D-1E25-48BE-A71E-9EBF7F9208D4}.Mono Debug|Any CPU.Build.0 = Mono Debug|Any CPU
		{3527DA1D-1E25-48BE-A71E-9EBF7F9208D4}.Mono Release|Any CPU.ActiveCfg = Mono Release|Any CPU
		{3527DA1D-1E25-48BE-A71E-9EBF7F9208D4}.Mono Release|Any CPU.Build.0 = Mono Release|Any CPU
		{3527DA1D-1E25-48BE-A71E-9EBF7F9208D4}.Release|Any CPU.ActiveCfg = Release|Any CPU
		{3527DA1D-1E25-48BE-A71E-9EBF7F9208D4}.Release|Any CPU.Build.0 = Release|Any CPU
		{5DE33CD7-60CB-4B9F-A123-A83C1C686E47}.Debug|Any CPU.ActiveCfg = Debug|Any CPU
		{5DE33CD7-60CB-4B9F-A123-A83C1C686E47}.Debug|Any CPU.Build.0 = Debug|Any CPU
		{5DE33CD7-60CB-4B9F-A123-A83C1C686E47}.Mono Debug|Any CPU.ActiveCfg = Mono Debug|Any CPU
		{5DE33CD7-60CB-4B9F-A123-A83C1C686E47}.Mono Debug|Any CPU.Build.0 = Mono Debug|Any CPU
		{5DE33CD7-60CB-4B9F-A123-A83C1C686E47}.Mono Release|Any CPU.ActiveCfg = Mono Release|Any CPU
		{5DE33CD7-60CB-4B9F-A123-A83C1C686E47}.Mono Release|Any CPU.Build.0 = Mono Release|Any CPU
		{5DE33CD7-60CB-4B9F-A123-A83C1C686E47}.Release|Any CPU.ActiveCfg = Release|Any CPU
		{5DE33CD7-60CB-4B9F-A123-A83C1C686E47}.Release|Any CPU.Build.0 = Release|Any CPU
		{DB44F49C-D8C6-434F-81ED-28EA5C9E8195}.Debug|Any CPU.ActiveCfg = Debug|Any CPU
		{DB44F49C-D8C6-434F-81ED-28EA5C9E8195}.Debug|Any CPU.Build.0 = Debug|Any CPU
		{DB44F49C-D8C6-434F-81ED-28EA5C9E8195}.Mono Debug|Any CPU.ActiveCfg = Mono Debug|Any CPU
		{DB44F49C-D8C6-434F-81ED-28EA5C9E8195}.Mono Debug|Any CPU.Build.0 = Mono Debug|Any CPU
		{DB44F49C-D8C6-434F-81ED-28EA5C9E8195}.Mono Release|Any CPU.ActiveCfg = Mono Release|Any CPU
		{DB44F49C-D8C6-434F-81ED-28EA5C9E8195}.Mono Release|Any CPU.Build.0 = Mono Release|Any CPU
		{DB44F49C-D8C6-434F-81ED-28EA5C9E8195}.Release|Any CPU.ActiveCfg = Release|Any CPU
		{DB44F49C-D8C6-434F-81ED-28EA5C9E8195}.Release|Any CPU.Build.0 = Release|Any CPU
		{9CCBECEC-513C-4DA4-A4CE-F5361B633760}.Debug|Any CPU.ActiveCfg = Debug|Any CPU
		{9CCBECEC-513C-4DA4-A4CE-F5361B633760}.Debug|Any CPU.Build.0 = Debug|Any CPU
		{9CCBECEC-513C-4DA4-A4CE-F5361B633760}.Mono Debug|Any CPU.ActiveCfg = Mono Debug|Any CPU
		{9CCBECEC-513C-4DA4-A4CE-F5361B633760}.Mono Debug|Any CPU.Build.0 = Mono Debug|Any CPU
		{9CCBECEC-513C-4DA4-A4CE-F5361B633760}.Mono Release|Any CPU.ActiveCfg = Mono Release|Any CPU
		{9CCBECEC-513C-4DA4-A4CE-F5361B633760}.Mono Release|Any CPU.Build.0 = Mono Release|Any CPU
		{9CCBECEC-513C-4DA4-A4CE-F5361B633760}.Release|Any CPU.ActiveCfg = Release|Any CPU
		{9CCBECEC-513C-4DA4-A4CE-F5361B633760}.Release|Any CPU.Build.0 = Release|Any CPU
		{3D4F73A8-DB05-4580-98A0-DEE34C010636}.Debug|Any CPU.ActiveCfg = Debug|Any CPU
		{3D4F73A8-DB05-4580-98A0-DEE34C010636}.Debug|Any CPU.Build.0 = Debug|Any CPU
		{3D4F73A8-DB05-4580-98A0-DEE34C010636}.Mono Debug|Any CPU.ActiveCfg = Mono Debug|Any CPU
		{3D4F73A8-DB05-4580-98A0-DEE34C010636}.Mono Debug|Any CPU.Build.0 = Mono Debug|Any CPU
		{3D4F73A8-DB05-4580-98A0-DEE34C010636}.Mono Release|Any CPU.ActiveCfg = Mono Release|Any CPU
		{3D4F73A8-DB05-4580-98A0-DEE34C010636}.Mono Release|Any CPU.Build.0 = Mono Release|Any CPU
		{3D4F73A8-DB05-4580-98A0-DEE34C010636}.Release|Any CPU.ActiveCfg = Release|Any CPU
		{3D4F73A8-DB05-4580-98A0-DEE34C010636}.Release|Any CPU.Build.0 = Release|Any CPU
		{13B5E313-1B26-4DAE-9E96-133768B62FD2}.Debug|Any CPU.ActiveCfg = Debug|Any CPU
		{13B5E313-1B26-4DAE-9E96-133768B62FD2}.Debug|Any CPU.Build.0 = Debug|Any CPU
		{13B5E313-1B26-4DAE-9E96-133768B62FD2}.Mono Debug|Any CPU.ActiveCfg = Mono Debug|Any CPU
		{13B5E313-1B26-4DAE-9E96-133768B62FD2}.Mono Debug|Any CPU.Build.0 = Mono Debug|Any CPU
		{13B5E313-1B26-4DAE-9E96-133768B62FD2}.Mono Release|Any CPU.ActiveCfg = Mono Release|Any CPU
		{13B5E313-1B26-4DAE-9E96-133768B62FD2}.Mono Release|Any CPU.Build.0 = Mono Release|Any CPU
		{13B5E313-1B26-4DAE-9E96-133768B62FD2}.Release|Any CPU.ActiveCfg = Release|Any CPU
		{13B5E313-1B26-4DAE-9E96-133768B62FD2}.Release|Any CPU.Build.0 = Release|Any CPU
		{6E16866F-FF8D-4136-AD67-36AFE3626432}.Debug|Any CPU.ActiveCfg = Debug|Any CPU
		{6E16866F-FF8D-4136-AD67-36AFE3626432}.Debug|Any CPU.Build.0 = Debug|Any CPU
		{6E16866F-FF8D-4136-AD67-36AFE3626432}.Mono Debug|Any CPU.ActiveCfg = Mono Debug|Any CPU
		{6E16866F-FF8D-4136-AD67-36AFE3626432}.Mono Debug|Any CPU.Build.0 = Mono Debug|Any CPU
		{6E16866F-FF8D-4136-AD67-36AFE3626432}.Mono Release|Any CPU.ActiveCfg = Mono Release|Any CPU
		{6E16866F-FF8D-4136-AD67-36AFE3626432}.Mono Release|Any CPU.Build.0 = Mono Release|Any CPU
		{6E16866F-FF8D-4136-AD67-36AFE3626432}.Release|Any CPU.ActiveCfg = Release|Any CPU
		{6E16866F-FF8D-4136-AD67-36AFE3626432}.Release|Any CPU.Build.0 = Release|Any CPU
		{55B824F8-63ED-43BC-8FA0-9C92695A2D3F}.Debug|Any CPU.ActiveCfg = Debug|Any CPU
		{55B824F8-63ED-43BC-8FA0-9C92695A2D3F}.Debug|Any CPU.Build.0 = Debug|Any CPU
		{55B824F8-63ED-43BC-8FA0-9C92695A2D3F}.Mono Debug|Any CPU.ActiveCfg = Mono Debug|Any CPU
		{55B824F8-63ED-43BC-8FA0-9C92695A2D3F}.Mono Debug|Any CPU.Build.0 = Mono Debug|Any CPU
		{55B824F8-63ED-43BC-8FA0-9C92695A2D3F}.Mono Release|Any CPU.ActiveCfg = Mono Release|Any CPU
		{55B824F8-63ED-43BC-8FA0-9C92695A2D3F}.Mono Release|Any CPU.Build.0 = Mono Release|Any CPU
		{55B824F8-63ED-43BC-8FA0-9C92695A2D3F}.Release|Any CPU.ActiveCfg = Release|Any CPU
		{55B824F8-63ED-43BC-8FA0-9C92695A2D3F}.Release|Any CPU.Build.0 = Release|Any CPU
		{4CEA3549-7920-4EF0-BCB2-1C643CDC33DD}.Debug|Any CPU.ActiveCfg = Debug|Any CPU
		{4CEA3549-7920-4EF0-BCB2-1C643CDC33DD}.Debug|Any CPU.Build.0 = Debug|Any CPU
		{4CEA3549-7920-4EF0-BCB2-1C643CDC33DD}.Mono Debug|Any CPU.ActiveCfg = Mono Debug|Any CPU
		{4CEA3549-7920-4EF0-BCB2-1C643CDC33DD}.Mono Debug|Any CPU.Build.0 = Mono Debug|Any CPU
		{4CEA3549-7920-4EF0-BCB2-1C643CDC33DD}.Mono Release|Any CPU.ActiveCfg = Mono Release|Any CPU
		{4CEA3549-7920-4EF0-BCB2-1C643CDC33DD}.Mono Release|Any CPU.Build.0 = Mono Release|Any CPU
		{4CEA3549-7920-4EF0-BCB2-1C643CDC33DD}.Release|Any CPU.ActiveCfg = Release|Any CPU
		{4CEA3549-7920-4EF0-BCB2-1C643CDC33DD}.Release|Any CPU.Build.0 = Release|Any CPU
		{06FD1066-C3C6-4132-A820-5CC501375B91}.Debug|Any CPU.ActiveCfg = Debug|Any CPU
		{06FD1066-C3C6-4132-A820-5CC501375B91}.Debug|Any CPU.Build.0 = Debug|Any CPU
		{06FD1066-C3C6-4132-A820-5CC501375B91}.Mono Debug|Any CPU.ActiveCfg = Mono Debug|Any CPU
		{06FD1066-C3C6-4132-A820-5CC501375B91}.Mono Debug|Any CPU.Build.0 = Mono Debug|Any CPU
		{06FD1066-C3C6-4132-A820-5CC501375B91}.Mono Release|Any CPU.ActiveCfg = Mono Release|Any CPU
		{06FD1066-C3C6-4132-A820-5CC501375B91}.Mono Release|Any CPU.Build.0 = Mono Release|Any CPU
		{06FD1066-C3C6-4132-A820-5CC501375B91}.Release|Any CPU.ActiveCfg = Release|Any CPU
		{06FD1066-C3C6-4132-A820-5CC501375B91}.Release|Any CPU.Build.0 = Release|Any CPU
		{1B4E2E6B-4424-4560-97E0-B0BD34BF85D8}.Debug|Any CPU.ActiveCfg = Debug|Any CPU
		{1B4E2E6B-4424-4560-97E0-B0BD34BF85D8}.Debug|Any CPU.Build.0 = Debug|Any CPU
		{1B4E2E6B-4424-4560-97E0-B0BD34BF85D8}.Mono Debug|Any CPU.ActiveCfg = Mono Debug|Any CPU
		{1B4E2E6B-4424-4560-97E0-B0BD34BF85D8}.Mono Debug|Any CPU.Build.0 = Mono Debug|Any CPU
		{1B4E2E6B-4424-4560-97E0-B0BD34BF85D8}.Mono Release|Any CPU.ActiveCfg = Mono Release|Any CPU
		{1B4E2E6B-4424-4560-97E0-B0BD34BF85D8}.Mono Release|Any CPU.Build.0 = Mono Release|Any CPU
		{1B4E2E6B-4424-4560-97E0-B0BD34BF85D8}.Release|Any CPU.ActiveCfg = Release|Any CPU
		{1B4E2E6B-4424-4560-97E0-B0BD34BF85D8}.Release|Any CPU.Build.0 = Release|Any CPU
		{F85EBEB5-8A47-470B-8A00-CB801CD80232}.Debug|Any CPU.ActiveCfg = Debug|Any CPU
		{F85EBEB5-8A47-470B-8A00-CB801CD80232}.Debug|Any CPU.Build.0 = Debug|Any CPU
		{F85EBEB5-8A47-470B-8A00-CB801CD80232}.Mono Debug|Any CPU.ActiveCfg = Debug|Any CPU
		{F85EBEB5-8A47-470B-8A00-CB801CD80232}.Mono Debug|Any CPU.Build.0 = Debug|Any CPU
		{F85EBEB5-8A47-470B-8A00-CB801CD80232}.Mono Release|Any CPU.ActiveCfg = Release|Any CPU
		{F85EBEB5-8A47-470B-8A00-CB801CD80232}.Mono Release|Any CPU.Build.0 = Release|Any CPU
		{F85EBEB5-8A47-470B-8A00-CB801CD80232}.Release|Any CPU.ActiveCfg = Release|Any CPU
		{F85EBEB5-8A47-470B-8A00-CB801CD80232}.Release|Any CPU.Build.0 = Release|Any CPU
	EndGlobalSection
	GlobalSection(SolutionProperties) = preSolution
		HideSolutionNode = FALSE
	EndGlobalSection
EndGlobal
